
Microsoft Visual Studio Solution File, Format Version 12.00
# Visual Studio Version 17
VisualStudioVersion = 17.10.34928.147
MinimumVisualStudioVersion = 10.0.40219.1
Project("{FAE04EC0-301F-11D3-BF4B-00C04F79EFBC}") = "FTP_Client_Project", "FTP_Client_Project.csproj", "{D744FFB1-22BE-4AB9-B787-06703E39B2D2}"
EndProject
Global
	GlobalSection(SolutionConfigurationPlatforms) = preSolution
		Debug|Any CPU = Debug|Any CPU
		Release|Any CPU = Release|Any CPU
	EndGlobalSection
	GlobalSection(ProjectConfigurationPlatforms) = postSolution
		{D744FFB1-22BE-4AB9-B787-06703E39B2D2}.Debug|Any CPU.ActiveCfg = Debug|Any CPU
		{D744FFB1-22BE-4AB9-B787-06703E39B2D2}.Debug|Any CPU.Build.0 = Debug|Any CPU
		{D744FFB1-22BE-4AB9-B787-06703E39B2D2}.Release|Any CPU.ActiveCfg = Release|Any CPU
		{D744FFB1-22BE-4AB9-B787-06703E39B2D2}.Release|Any CPU.Build.0 = Release|Any CPU
	EndGlobalSection
	GlobalSection(SolutionProperties) = preSolution
		HideSolutionNode = FALSE
	EndGlobalSection
	GlobalSection(ExtensibilityGlobals) = postSolution
		SolutionGuid = {25A93533-6A2E-4F6A-8CA4-C21C4F4D5E07}
	EndGlobalSection
EndGlobal
